{
    "_meta": {
        "hash": {
            "sha256": "ec6707a89d2ee01dc17c23b85e335b5596afbf9220be970b823affe4a85f0e8f"
        },
        "pipfile-spec": 6,
        "requires": {
            "python_version": "3.7"
        },
        "sources": [
            {
                "name": "pypi",
                "url": "https://pypi.org/simple",
                "verify_ssl": true
            }
        ]
    },
    "default": {
        "attrs": {
            "hashes": [
                "sha256:08a96c641c3a74e44eb59afb61a24f2cb9f4d7188748e76ba4bb5edfa3cb7d1c",
                "sha256:f7b7ce16570fe9965acd6d30101a28f62fb4a7f9e926b3bbc9b61f8b04247e72"
            ],
            "version": "==19.3.0"
        },
        "certifi": {
            "hashes": [
                "sha256:5ad7e9a056d25ffa5082862e36f119f7f7cec6457fa07ee2f8c339814b80c9b1",
                "sha256:9cd41137dc19af6a5e03b630eefe7d1f458d964d406342dd3edf625839b944cc"
            ],
            "version": "==2020.4.5.2"
        },
        "chardet": {
            "hashes": [
                "sha256:84ab92ed1c4d4f16916e05906b6b75a6c0fb5db821cc65e70cbd64a3e2a5eaae",
                "sha256:fc323ffcaeaed0e0a02bf4d117757b98aed530d9ed4531e3e15460124c106691"
            ],
            "version": "==3.0.4"
        },
        "idna": {
            "hashes": [
                "sha256:7588d1c14ae4c77d74036e8c22ff447b26d0fde8f007354fd48a7814db15b7cb",
                "sha256:a068a21ceac8a4d63dbfd964670474107f541babbd2250d61922f029858365fa"
            ],
            "version": "==2.9"
        },
        "lxml": {
            "hashes": [
                "sha256:06748c7192eab0f48e3d35a7adae609a329c6257495d5e53878003660dc0fec6",
                "sha256:0790ddca3f825dd914978c94c2545dbea5f56f008b050e835403714babe62a5f",
                "sha256:1aa7a6197c1cdd65d974f3e4953764eee3d9c7b67e3966616b41fab7f8f516b7",
                "sha256:22c6d34fdb0e65d5f782a4d1a1edb52e0a8365858dafb1c08cb1d16546cf0786",
                "sha256:2754d4406438c83144f9ffd3628bbe2dcc6d62b20dbc5c1ec4bc4385e5d44b42",
                "sha256:27ee0faf8077c7c1a589573b1450743011117f1aa1a91d5ae776bbc5ca6070f2",
                "sha256:2b02c106709466a93ed424454ce4c970791c486d5fcdf52b0d822a7e29789626",
                "sha256:2d1ddce96cf15f1254a68dba6935e6e0f1fe39247de631c115e84dd404a6f031",
                "sha256:4f282737d187ae723b2633856085c31ae5d4d432968b7f3f478a48a54835f5c4",
                "sha256:51bb4edeb36d24ec97eb3e6a6007be128b720114f9a875d6b370317d62ac80b9",
                "sha256:7eee37c1b9815e6505847aa5e68f192e8a1b730c5c7ead39ff317fde9ce29448",
                "sha256:7fd88cb91a470b383aafad554c3fe1ccf6dfb2456ff0e84b95335d582a799804",
                "sha256:9144ce36ca0824b29ebc2e02ca186e54040ebb224292072250467190fb613b96",
                "sha256:925baf6ff1ef2c45169f548cc85204433e061360bfa7d01e1be7ae38bef73194",
                "sha256:a636346c6c0e1092ffc202d97ec1843a75937d8c98aaf6771348ad6422e44bb0",
                "sha256:a87dbee7ad9dce3aaefada2081843caf08a44a8f52e03e0a4cc5819f8398f2f4",
                "sha256:a9e3b8011388e7e373565daa5e92f6c9cb844790dc18e43073212bb3e76f7007",
                "sha256:afb53edf1046599991fb4a7d03e601ab5f5422a5435c47ee6ba91ec3b61416a6",
                "sha256:b26719890c79a1dae7d53acac5f089d66fd8cc68a81f4e4bd355e45470dc25e1",
                "sha256:b7462cdab6fffcda853338e1741ce99706cdf880d921b5a769202ea7b94e8528",
                "sha256:b77975465234ff49fdad871c08aa747aae06f5e5be62866595057c43f8d2f62c",
                "sha256:c47a8a5d00060122ca5908909478abce7bbf62d812e3fc35c6c802df8fb01fe7",
                "sha256:c79e5debbe092e3c93ca4aee44c9a7631bdd407b2871cb541b979fd350bbbc29",
                "sha256:d8d40e0121ca1606aa9e78c28a3a7d88a05c06b3ca61630242cded87d8ce55fa",
                "sha256:ee2be8b8f72a2772e72ab926a3bccebf47bb727bda41ae070dc91d1fb759b726",
                "sha256:f95d28193c3863132b1f55c1056036bf580b5a488d908f7d22a04ace8935a3a9",
                "sha256:fadd2a63a2bfd7fb604508e553d1cf68eca250b2fbdbd81213b5f6f2fbf23529"
            ],
            "index": "pypi",
            "version": "==4.5.1"
        },
        "price-parser": {
            "hashes": [
                "sha256:0c35ee9fbcf0fae2c065ee34d4671428431858239434e68bfcf2eb7034bc13be",
                "sha256:815fa2f80f0eaf1c4fd9a03750ce52e7b037d3af3e295f77e89de8c89e8780a3"
            ],
            "index": "pypi",
            "version": "==0.3.3"
        },
        "requests": {
            "hashes": [
                "sha256:43999036bfa82904b6af1d99e4882b560e5e2c68e5c4b0aa03b655f3d7d73fee",
                "sha256:b3f43d496c6daba4493e7c431722aeb7dbc6288f52a6e04e7b6023b0247817e6"
            ],
            "index": "pypi",
            "version": "==2.23.0"
        },
        "urllib3": {
            "hashes": [
                "sha256:3018294ebefce6572a474f0604c2021e33b3fd8006ecd11d62107a5d2a963527",
                "sha256:88206b0eb87e6d677d424843ac5209e3fb9d0190d0ee169599165ec25e9d9115"
            ],
            "version": "==1.25.9"
        }
    },
    "develop": {
        "attrs": {
            "hashes": [
                "sha256:08a96c641c3a74e44eb59afb61a24f2cb9f4d7188748e76ba4bb5edfa3cb7d1c",
                "sha256:f7b7ce16570fe9965acd6d30101a28f62fb4a7f9e926b3bbc9b61f8b04247e72"
            ],
            "version": "==19.3.0"
        },
        "flake8": {
            "hashes": [
                "sha256:15e351d19611c887e482fb960eae4d44845013cc142d42896e9862f775d8cf5c",
                "sha256:f04b9fcbac03b0a3e58c0ab3a0ecc462e023a9faf046d57794184028123aa208"
            ],
            "index": "pypi",
            "version": "==3.8.3"
        },
        "importlib-metadata": {
            "hashes": [
                "sha256:0505dd08068cfec00f53a74a0ad927676d7757da81b7436a6eefe4c7cf75c545",
                "sha256:15ec6c0fd909e893e3a08b3a7c76ecb149122fb14b7efe1199ddd4c7c57ea958"
            ],
            "markers": "python_version < '3.8'",
            "version": "==1.6.1"
        },
        "mccabe": {
            "hashes": [
                "sha256:ab8a6258860da4b6677da4bd2fe5dc2c659cff31b3ee4f7f5d64e79735b80d42",
                "sha256:dd8d182285a0fe56bace7f45b5e7d1a6ebcbf524e8f3bd87eb0f125271b8831f"
            ],
            "version": "==0.6.1"
        },
        "more-itertools": {
            "hashes": [
                "sha256:68c70cc7167bdf5c7c9d8f6954a7837089c6a36bf565383919bb595efb8a17e5",
                "sha256:b78134b2063dd214000685165d81c154522c3ee0a1c0d4d113c80361c234c5a2"
            ],
            "version": "==8.4.0"
        },
        "packaging": {
            "hashes": [
                "sha256:4357f74f47b9c12db93624a82154e9b120fa8293699949152b22065d556079f8",
                "sha256:998416ba6962ae7fbd6596850b80e17859a5753ba17c32284f67bfff33784181"
            ],
            "version": "==20.4"
        },
        "pluggy": {
            "hashes": [
                "sha256:15b2acde666561e1298d71b523007ed7364de07029219b604cf808bfa1c765b0",
                "sha256:966c145cd83c96502c3c3868f50408687b38434af77734af1e9ca461a4081d2d"
            ],
            "version": "==0.13.1"
        },
        "py": {
            "hashes": [
                "sha256:a673fa23d7000440cc885c17dbd34fafcb7d7a6e230b29f6766400de36a33c44",
                "sha256:f3b3a4c36512a4c4f024041ab51866f11761cc169670204b235f6b20523d4e6b"
            ],
            "version": "==1.8.2"
        },
        "pycodestyle": {
            "hashes": [
                "sha256:2295e7b2f6b5bd100585ebcb1f616591b652db8a741695b3d8f5d28bdc934367",
                "sha256:c58a7d2815e0e8d7972bf1803331fb0152f867bd89adf8a01dfd55085434192e"
            ],
            "version": "==2.6.0"
        },
        "pyflakes": {
            "hashes": [
                "sha256:0d94e0e05a19e57a99444b6ddcf9a6eb2e5c68d3ca1e98e90707af8152c90a92",
                "sha256:35b2d75ee967ea93b55750aa9edbbf72813e06a66ba54438df2cfac9e3c27fc8"
            ],
            "version": "==2.2.0"
        },
        "pyparsing": {
            "hashes": [
                "sha256:c203ec8783bf771a155b207279b9bccb8dea02d8f0c9e5f8ead507bc3246ecc1",
                "sha256:ef9d7589ef3c200abe66653d3f1ab1033c3c419ae9b9bdb1240a85b024efc88b"
            ],
            "version": "==2.4.7"
        },
        "pytest": {
            "hashes": [
                "sha256:0d5fe9189a148acc3c3eb2ac8e1ac0742cb7618c084f3d228baaec0c254b318d",
                "sha256:ff615c761e25eb25df19edddc0b970302d2a9091fbce0e7213298d85fb61fef6"
            ],
            "index": "pypi",
            "version": "==5.3.5"
        },
        "six": {
            "hashes": [
                "sha256:30639c035cdb23534cd4aa2dd52c3bf48f06e5f4a941509c8bafd8ce11080259",
                "sha256:8b74bedcbbbaca38ff6d7491d76f2b06b3592611af620f8426e82dddb04a5ced"
            ],
            "version": "==1.15.0"
        },
        "v": {
            "hashes": [
                "sha256:2d5a8f79a36aaebe62ef2c7068e3ec7f86656078202edabfdbf74715dc822d36",
                "sha256:cd6b6b20b4a611f209c88bcdfb7211321f85662efb2bdd53a7b40314d0a84618"
            ],
            "index": "pypi",
            "version": "==0.0.0"
        },
        "wcwidth": {
            "hashes": [
                "sha256:79375666b9954d4a1a10739315816324c3e73110af9d0e102d906fdb0aec009f",
                "sha256:8c6b5b6ee1360b842645f336d9e5d68c55817c26d3050f46b235ef2bc650e48f"
            ],
            "version": "==0.2.4"
        },
        "zipp": {
            "hashes": [
                "sha256:aa36550ff0c0b7ef7fa639055d797116ee891440eac1a56f378e2d3179e0320b",
                "sha256:c599e4d75c98f6798c509911d08a22e6c021d074469042177c8c86fb92eefd96"
            ],
            "version": "==3.1.0"
        }
    }
}
